// !$*UTF8*$!
{
	archiveVersion = 1;
	classes = {
	};
	objectVersion = 46;
	objects = {

/* Begin PBXBuildFile section */
		CD3AA72D1BE1DC54007B87A7 /* AppDelegate.swift in Sources */ = {isa = PBXBuildFile; fileRef = CD3AA72C1BE1DC54007B87A7 /* AppDelegate.swift */; };
		CD3AA72F1BE1DC54007B87A7 /* ViewController.swift in Sources */ = {isa = PBXBuildFile; fileRef = CD3AA72E1BE1DC54007B87A7 /* ViewController.swift */; };
		CD3AA7321BE1DC54007B87A7 /* Main.storyboard in Resources */ = {isa = PBXBuildFile; fileRef = CD3AA7301BE1DC54007B87A7 /* Main.storyboard */; };
		CD3AA7341BE1DC54007B87A7 /* Assets.xcassets in Resources */ = {isa = PBXBuildFile; fileRef = CD3AA7331BE1DC54007B87A7 /* Assets.xcassets */; };
		CD3AA7371BE1DC54007B87A7 /* LaunchScreen.storyboard in Resources */ = {isa = PBXBuildFile; fileRef = CD3AA7351BE1DC54007B87A7 /* LaunchScreen.storyboard */; };
		CD3AA7421BE1DC54007B87A7 /* RicochetRobotsTests.swift in Sources */ = {isa = PBXBuildFile; fileRef = CD3AA7411BE1DC54007B87A7 /* RicochetRobotsTests.swift */; };
		CD3AA74D1BE1DC54007B87A7 /* RicochetRobotsUITests.swift in Sources */ = {isa = PBXBuildFile; fileRef = CD3AA74C1BE1DC54007B87A7 /* RicochetRobotsUITests.swift */; };
		CD3AA75B1BE1DCB1007B87A7 /* Board.swift in Sources */ = {isa = PBXBuildFile; fileRef = CD3AA75A1BE1DCB1007B87A7 /* Board.swift */; };
		CD7A64BB1BE8350C004F648A /* BoardView.swift in Sources */ = {isa = PBXBuildFile; fileRef = CD7A64BA1BE8350C004F648A /* BoardView.swift */; };
		CD7A64BF1BE83F64004F648A /* BlankTile.png in Resources */ = {isa = PBXBuildFile; fileRef = CD7A64BE1BE83F64004F648A /* BlankTile.png */; };
		CDFD4F881BF158F200F41656 /* HorizontalWall.png in Resources */ = {isa = PBXBuildFile; fileRef = CDFD4F871BF158F200F41656 /* HorizontalWall.png */; };
		CDFD4F8A1BF158FC00F41656 /* VerticalWall.png in Resources */ = {isa = PBXBuildFile; fileRef = CDFD4F891BF158FC00F41656 /* VerticalWall.png */; };
/* End PBXBuildFile section */

/* Begin PBXContainerItemProxy section */
		CD3AA73E1BE1DC54007B87A7 /* PBXContainerItemProxy */ = {
			isa = PBXContainerItemProxy;
			containerPortal = CD3AA7211BE1DC54007B87A7 /* Project object */;
			proxyType = 1;
			remoteGlobalIDString = CD3AA7281BE1DC54007B87A7;
			remoteInfo = RicochetRobots;
		};
		CD3AA7491BE1DC54007B87A7 /* PBXContainerItemProxy */ = {
			isa = PBXContainerItemProxy;
			containerPortal = CD3AA7211BE1DC54007B87A7 /* Project object */;
			proxyType = 1;
			remoteGlobalIDString = CD3AA7281BE1DC54007B87A7;
			remoteInfo = RicochetRobots;
		};
/* End PBXContainerItemProxy section */

/* Begin PBXFileReference section */
		CD3AA7291BE1DC54007B87A7 /* RicochetRobots.app */ = {isa = PBXFileReference; explicitFileType = wrapper.application; includeInIndex = 0; path = RicochetRobots.app; sourceTree = BUILT_PRODUCTS_DIR; };
		CD3AA72C1BE1DC54007B87A7 /* AppDelegate.swift */ = {isa = PBXFileReference; lastKnownFileType = sourcecode.swift; path = AppDelegate.swift; sourceTree = "<group>"; };
		CD3AA72E1BE1DC54007B87A7 /* ViewController.swift */ = {isa = PBXFileReference; lastKnownFileType = sourcecode.swift; path = ViewController.swift; sourceTree = "<group>"; };
		CD3AA7311BE1DC54007B87A7 /* Base */ = {isa = PBXFileReference; lastKnownFileType = file.storyboard; name = Base; path = Base.lproj/Main.storyboard; sourceTree = "<group>"; };
		CD3AA7331BE1DC54007B87A7 /* Assets.xcassets */ = {isa = PBXFileReference; lastKnownFileType = folder.assetcatalog; path = Assets.xcassets; sourceTree = "<group>"; };
		CD3AA7361BE1DC54007B87A7 /* Base */ = {isa = PBXFileReference; lastKnownFileType = file.storyboard; name = Base; path = Base.lproj/LaunchScreen.storyboard; sourceTree = "<group>"; };
		CD3AA7381BE1DC54007B87A7 /* Info.plist */ = {isa = PBXFileReference; lastKnownFileType = text.plist.xml; path = Info.plist; sourceTree = "<group>"; };
		CD3AA73D1BE1DC54007B87A7 /* RicochetRobotsTests.xctest */ = {isa = PBXFileReference; explicitFileType = wrapper.cfbundle; includeInIndex = 0; path = RicochetRobotsTests.xctest; sourceTree = BUILT_PRODUCTS_DIR; };
		CD3AA7411BE1DC54007B87A7 /* RicochetRobotsTests.swift */ = {isa = PBXFileReference; lastKnownFileType = sourcecode.swift; path = RicochetRobotsTests.swift; sourceTree = "<group>"; };
		CD3AA7431BE1DC54007B87A7 /* Info.plist */ = {isa = PBXFileReference; lastKnownFileType = text.plist.xml; path = Info.plist; sourceTree = "<group>"; };
		CD3AA7481BE1DC54007B87A7 /* RicochetRobotsUITests.xctest */ = {isa = PBXFileReference; explicitFileType = wrapper.cfbundle; includeInIndex = 0; path = RicochetRobotsUITests.xctest; sourceTree = BUILT_PRODUCTS_DIR; };
		CD3AA74C1BE1DC54007B87A7 /* RicochetRobotsUITests.swift */ = {isa = PBXFileReference; lastKnownFileType = sourcecode.swift; path = RicochetRobotsUITests.swift; sourceTree = "<group>"; };
		CD3AA74E1BE1DC54007B87A7 /* Info.plist */ = {isa = PBXFileReference; lastKnownFileType = text.plist.xml; path = Info.plist; sourceTree = "<group>"; };
		CD3AA75A1BE1DCB1007B87A7 /* Board.swift */ = {isa = PBXFileReference; fileEncoding = 4; lastKnownFileType = sourcecode.swift; path = Board.swift; sourceTree = "<group>"; };
		CD7A64BA1BE8350C004F648A /* BoardView.swift */ = {isa = PBXFileReference; fileEncoding = 4; lastKnownFileType = sourcecode.swift; name = BoardView.swift; path = ../BoardView.swift; sourceTree = "<group>"; };
		CD7A64BE1BE83F64004F648A /* BlankTile.png */ = {isa = PBXFileReference; lastKnownFileType = image.png; name = BlankTile.png; path = ../BlankTile.png; sourceTree = "<group>"; };
		CDFD4F871BF158F200F41656 /* HorizontalWall.png */ = {isa = PBXFileReference; lastKnownFileType = image.png; path = HorizontalWall.png; sourceTree = "<group>"; };
		CDFD4F891BF158FC00F41656 /* VerticalWall.png */ = {isa = PBXFileReference; lastKnownFileType = image.png; path = VerticalWall.png; sourceTree = "<group>"; };
/* End PBXFileReference section */

/* Begin PBXFrameworksBuildPhase section */
		CD3AA7261BE1DC54007B87A7 /* Frameworks */ = {
			isa = PBXFrameworksBuildPhase;
			buildActionMask = 2147483647;
			files = (
			);
			runOnlyForDeploymentPostprocessing = 0;
		};
		CD3AA73A1BE1DC54007B87A7 /* Frameworks */ = {
			isa = PBXFrameworksBuildPhase;
			buildActionMask = 2147483647;
			files = (
			);
			runOnlyForDeploymentPostprocessing = 0;
		};
		CD3AA7451BE1DC54007B87A7 /* Frameworks */ = {
			isa = PBXFrameworksBuildPhase;
			buildActionMask = 2147483647;
			files = (
			);
			runOnlyForDeploymentPostprocessing = 0;
		};
/* End PBXFrameworksBuildPhase section */

/* Begin PBXGroup section */
		CD3AA7201BE1DC54007B87A7 = {
			isa = PBXGroup;
			children = (
				CD3AA72B1BE1DC54007B87A7 /* RicochetRobots */,
				CD3AA7401BE1DC54007B87A7 /* RicochetRobotsTests */,
				CD3AA74B1BE1DC54007B87A7 /* RicochetRobotsUITests */,
				CD3AA72A1BE1DC54007B87A7 /* Products */,
			);
			sourceTree = "<group>";
		};
		CD3AA72A1BE1DC54007B87A7 /* Products */ = {
			isa = PBXGroup;
			children = (
				CD3AA7291BE1DC54007B87A7 /* RicochetRobots.app */,
				CD3AA73D1BE1DC54007B87A7 /* RicochetRobotsTests.xctest */,
				CD3AA7481BE1DC54007B87A7 /* RicochetRobotsUITests.xctest */,
			);
			name = Products;
			sourceTree = "<group>";
		};
		CD3AA72B1BE1DC54007B87A7 /* RicochetRobots */ = {
			isa = PBXGroup;
			children = (
				CD7A64BA1BE8350C004F648A /* BoardView.swift */,
				CD3AA75A1BE1DCB1007B87A7 /* Board.swift */,
				CD7A64BE1BE83F64004F648A /* BlankTile.png */,
				CD3AA72C1BE1DC54007B87A7 /* AppDelegate.swift */,
				CD3AA72E1BE1DC54007B87A7 /* ViewController.swift */,
				CD3AA7301BE1DC54007B87A7 /* Main.storyboard */,
				CD3AA7331BE1DC54007B87A7 /* Assets.xcassets */,
				CDFD4F891BF158FC00F41656 /* VerticalWall.png */,
				CDFD4F871BF158F200F41656 /* HorizontalWall.png */,
				CD3AA7351BE1DC54007B87A7 /* LaunchScreen.storyboard */,
				CD3AA7381BE1DC54007B87A7 /* Info.plist */,
			);
			path = RicochetRobots;
			sourceTree = "<group>";
		};
		CD3AA7401BE1DC54007B87A7 /* RicochetRobotsTests */ = {
			isa = PBXGroup;
			children = (
				CD3AA7411BE1DC54007B87A7 /* RicochetRobotsTests.swift */,
				CD3AA7431BE1DC54007B87A7 /* Info.plist */,
			);
			path = RicochetRobotsTests;
			sourceTree = "<group>";
		};
		CD3AA74B1BE1DC54007B87A7 /* RicochetRobotsUITests */ = {
			isa = PBXGroup;
			children = (
				CD3AA74C1BE1DC54007B87A7 /* RicochetRobotsUITests.swift */,
				CD3AA74E1BE1DC54007B87A7 /* Info.plist */,
			);
			path = RicochetRobotsUITests;
			sourceTree = "<group>";
		};
/* End PBXGroup section */

/* Begin PBXNativeTarget section */
		CD3AA7281BE1DC54007B87A7 /* RicochetRobots */ = {
			isa = PBXNativeTarget;
			buildConfigurationList = CD3AA7511BE1DC54007B87A7 /* Build configuration list for PBXNativeTarget "RicochetRobots" */;
			buildPhases = (
				CD3AA7251BE1DC54007B87A7 /* Sources */,
				CD3AA7261BE1DC54007B87A7 /* Frameworks */,
				CD3AA7271BE1DC54007B87A7 /* Resources */,
			);
			buildRules = (
			);
			dependencies = (
			);
			name = RicochetRobots;
			productName = RicochetRobots;
			productReference = CD3AA7291BE1DC54007B87A7 /* RicochetRobots.app */;
			productType = "com.apple.product-type.application";
		};
		CD3AA73C1BE1DC54007B87A7 /* RicochetRobotsTests */ = {
			isa = PBXNativeTarget;
			buildConfigurationList = CD3AA7541BE1DC54007B87A7 /* Build configuration list for PBXNativeTarget "RicochetRobotsTests" */;
			buildPhases = (
				CD3AA7391BE1DC54007B87A7 /* Sources */,
				CD3AA73A1BE1DC54007B87A7 /* Frameworks */,
				CD3AA73B1BE1DC54007B87A7 /* Resources */,
			);
			buildRules = (
			);
			dependencies = (
				CD3AA73F1BE1DC54007B87A7 /* PBXTargetDependency */,
			);
			name = RicochetRobotsTests;
			productName = RicochetRobotsTests;
			productReference = CD3AA73D1BE1DC54007B87A7 /* RicochetRobotsTests.xctest */;
			productType = "com.apple.product-type.bundle.unit-test";
		};
		CD3AA7471BE1DC54007B87A7 /* RicochetRobotsUITests */ = {
			isa = PBXNativeTarget;
			buildConfigurationList = CD3AA7571BE1DC54007B87A7 /* Build configuration list for PBXNativeTarget "RicochetRobotsUITests" */;
			buildPhases = (
				CD3AA7441BE1DC54007B87A7 /* Sources */,
				CD3AA7451BE1DC54007B87A7 /* Frameworks */,
				CD3AA7461BE1DC54007B87A7 /* Resources */,
			);
			buildRules = (
			);
			dependencies = (
				CD3AA74A1BE1DC54007B87A7 /* PBXTargetDependency */,
			);
			name = RicochetRobotsUITests;
			productName = RicochetRobotsUITests;
			productReference = CD3AA7481BE1DC54007B87A7 /* RicochetRobotsUITests.xctest */;
			productType = "com.apple.product-type.bundle.ui-testing";
		};
/* End PBXNativeTarget section */

/* Begin PBXProject section */
		CD3AA7211BE1DC54007B87A7 /* Project object */ = {
			isa = PBXProject;
			attributes = {
				LastUpgradeCheck = 0700;
				ORGANIZATIONNAME = "Nathan Zhang";
				TargetAttributes = {
					CD3AA7281BE1DC54007B87A7 = {
						CreatedOnToolsVersion = 7.0.1;
					};
					CD3AA73C1BE1DC54007B87A7 = {
						CreatedOnToolsVersion = 7.0.1;
						TestTargetID = CD3AA7281BE1DC54007B87A7;
					};
					CD3AA7471BE1DC54007B87A7 = {
						CreatedOnToolsVersion = 7.0.1;
						TestTargetID = CD3AA7281BE1DC54007B87A7;
					};
				};
			};
			buildConfigurationList = CD3AA7241BE1DC54007B87A7 /* Build configuration list for PBXProject "RicochetRobots" */;
			compatibilityVersion = "Xcode 3.2";
			developmentRegion = English;
			hasScannedForEncodings = 0;
			knownRegions = (
				en,
				Base,
			);
			mainGroup = CD3AA7201BE1DC54007B87A7;
			productRefGroup = CD3AA72A1BE1DC54007B87A7 /* Products */;
			projectDirPath = "";
			projectRoot = "";
			targets = (
				CD3AA7281BE1DC54007B87A7 /* RicochetRobots */,
				CD3AA73C1BE1DC54007B87A7 /* RicochetRobotsTests */,
				CD3AA7471BE1DC54007B87A7 /* RicochetRobotsUITests */,
			);
		};
/* End PBXProject section */

/* Begin PBXResourcesBuildPhase section */
		CD3AA7271BE1DC54007B87A7 /* Resources */ = {
			isa = PBXResourcesBuildPhase;
			buildActionMask = 2147483647;
			files = (
				CD3AA7371BE1DC54007B87A7 /* LaunchScreen.storyboard in Resources */,
				CDFD4F8A1BF158FC00F41656 /* VerticalWall.png in Resources */,
				CDFD4F881BF158F200F41656 /* HorizontalWall.png in Resources */,
				CD3AA7341BE1DC54007B87A7 /* Assets.xcassets in Resources */,
				CD7A64BF1BE83F64004F648A /* BlankTile.png in Resources */,
				CD3AA7321BE1DC54007B87A7 /* Main.storyboard in Resources */,
			);
			runOnlyForDeploymentPostprocessing = 0;
		};
		CD3AA73B1BE1DC54007B87A7 /* Resources */ = {
			isa = PBXResourcesBuildPhase;
			buildActionMask = 2147483647;
			files = (
			);
			runOnlyForDeploymentPostprocessing = 0;
		};
		CD3AA7461BE1DC54007B87A7 /* Resources */ = {
			isa = PBXResourcesBuildPhase;
			buildActionMask = 2147483647;
			files = (
			);
			runOnlyForDeploymentPostprocessing = 0;
		};
/* End PBXResourcesBuildPhase section */

/* Begin PBXSourcesBuildPhase section */
		CD3AA7251BE1DC54007B87A7 /* Sources */ = {
			isa = PBXSourcesBuildPhase;
			buildActionMask = 2147483647;
			files = (
				CD3AA72F1BE1DC54007B87A7 /* ViewController.swift in Sources */,
				CD7A64BB1BE8350C004F648A /* BoardView.swift in Sources */,
				CD3AA72D1BE1DC54007B87A7 /* AppDelegate.swift in Sources */,
				CD3AA75B1BE1DCB1007B87A7 /* Board.swift in Sources */,
			);
			runOnlyForDeploymentPostprocessing = 0;
		};
		CD3AA7391BE1DC54007B87A7 /* Sources */ = {
			isa = PBXSourcesBuildPhase;
			buildActionMask = 2147483647;
			files = (
				CD3AA7421BE1DC54007B87A7 /* RicochetRobotsTests.swift in Sources */,
			);
			runOnlyForDeploymentPostprocessing = 0;
		};
		CD3AA7441BE1DC54007B87A7 /* Sources */ = {
			isa = PBXSourcesBuildPhase;
			buildActionMask = 2147483647;
			files = (
				CD3AA74D1BE1DC54007B87A7 /* RicochetRobotsUITests.swift in Sources */,
			);
			runOnlyForDeploymentPostprocessing = 0;
		};
/* End PBXSourcesBuildPhase section */

/* Begin PBXTargetDependency section */
		CD3AA73F1BE1DC54007B87A7 /* PBXTargetDependency */ = {
			isa = PBXTargetDependency;
			target = CD3AA7281BE1DC54007B87A7 /* RicochetRobots */;
			targetProxy = CD3AA73E1BE1DC54007B87A7 /* PBXContainerItemProxy */;
		};
		CD3AA74A1BE1DC54007B87A7 /* PBXTargetDependency */ = {
			isa = PBXTargetDependency;
			target = CD3AA7281BE1DC54007B87A7 /* RicochetRobots */;
			targetProxy = CD3AA7491BE1DC54007B87A7 /* PBXContainerItemProxy */;
		};
/* End PBXTargetDependency section */

/* Begin PBXVariantGroup section */
		CD3AA7301BE1DC54007B87A7 /* Main.storyboard */ = {
			isa = PBXVariantGroup;
			children = (
				CD3AA7311BE1DC54007B87A7 /* Base */,
			);
			name = Main.storyboard;
			sourceTree = "<group>";
		};
		CD3AA7351BE1DC54007B87A7 /* LaunchScreen.storyboard */ = {
			isa = PBXVariantGroup;
			children = (
				CD3AA7361BE1DC54007B87A7 /* Base */,
			);
			name = LaunchScreen.storyboard;
			sourceTree = "<group>";
		};
/* End PBXVariantGroup section */

/* Begin XCBuildConfiguration section */
		CD3AA74F1BE1DC54007B87A7 /* Debug */ = {
			isa = XCBuildConfiguration;
			buildSettings = {
				ALWAYS_SEARCH_USER_PATHS = NO;
				CLANG_CXX_LANGUAGE_STANDARD = "gnu++0x";
				CLANG_CXX_LIBRARY = "libc++";
				CLANG_ENABLE_MODULES = YES;
				CLANG_ENABLE_OBJC_ARC = YES;
				CLANG_WARN_BOOL_CONVERSION = YES;
				CLANG_WARN_CONSTANT_CONVERSION = YES;
				CLANG_WARN_DIRECT_OBJC_ISA_USAGE = YES_ERROR;
				CLANG_WARN_EMPTY_BODY = YES;
				CLANG_WARN_ENUM_CONVERSION = YES;
				CLANG_WARN_INT_CONVERSION = YES;
				CLANG_WARN_OBJC_ROOT_CLASS = YES_ERROR;
				CLANG_WARN_UNREACHABLE_CODE = YES;
				CLANG_WARN__DUPLICATE_METHOD_MATCH = YES;
				"CODE_SIGN_IDENTITY[sdk=iphoneos*]" = "iPhone Developer";
				COPY_PHASE_STRIP = NO;
				DEBUG_INFORMATION_FORMAT = dwarf;
				ENABLE_STRICT_OBJC_MSGSEND = YES;
				ENABLE_TESTABILITY = YES;
				GCC_C_LANGUAGE_STANDARD = gnu99;
				GCC_DYNAMIC_NO_PIC = NO;
				GCC_NO_COMMON_BLOCKS = YES;
				GCC_OPTIMIZATION_LEVEL = 0;
				GCC_PREPROCESSOR_DEFINITIONS = (
					"DEBUG=1",
					"$(inherited)",
				);
				GCC_WARN_64_TO_32_BIT_CONVERSION = YES;
				GCC_WARN_ABOUT_RETURN_TYPE = YES_ERROR;
				GCC_WARN_UNDECLARED_SELECTOR = YES;
				GCC_WARN_UNINITIALIZED_AUTOS = YES_AGGRESSIVE;
				GCC_WARN_UNUSED_FUNCTION = YES;
				GCC_WARN_UNUSED_VARIABLE = YES;
				IPHONEOS_DEPLOYMENT_TARGET = 9.0;
				MTL_ENABLE_DEBUG_INFO = YES;
				ONLY_ACTIVE_ARCH = YES;
				SDKROOT = iphoneos;
				SWIFT_OPTIMIZATION_LEVEL = "-Onone";
				TARGETED_DEVICE_FAMILY = "1,2";
			};
			name = Debug;
		};
		CD3AA7501BE1DC54007B87A7 /* Release */ = {
			isa = XCBuildConfiguration;
			buildSettings = {
				ALWAYS_SEARCH_USER_PATHS = NO;
				CLANG_CXX_LANGUAGE_STANDARD = "gnu++0x";
				CLANG_CXX_LIBRARY = "libc++";
				CLANG_ENABLE_MODULES = YES;
				CLANG_ENABLE_OBJC_ARC = YES;
				CLANG_WARN_BOOL_CONVERSION = YES;
				CLANG_WARN_CONSTANT_CONVERSION = YES;
				CLANG_WARN_DIRECT_OBJC_ISA_USAGE = YES_ERROR;
				CLANG_WARN_EMPTY_BODY = YES;
				CLANG_WARN_ENUM_CONVERSION = YES;
				CLANG_WARN_INT_CONVERSION = YES;
				CLANG_WARN_OBJC_ROOT_CLASS = YES_ERROR;
				CLANG_WARN_UNREACHABLE_CODE = YES;
				CLANG_WARN__DUPLICATE_METHOD_MATCH = YES;
				"CODE_SIGN_IDENTITY[sdk=iphoneos*]" = "iPhone Developer";
				COPY_PHASE_STRIP = NO;
				DEBUG_INFORMATION_FORMAT = "dwarf-with-dsym";
				ENABLE_NS_ASSERTIONS = NO;
				ENABLE_STRICT_OBJC_MSGSEND = YES;
				GCC_C_LANGUAGE_STANDARD = gnu99;
				GCC_NO_COMMON_BLOCKS = YES;
				GCC_WARN_64_TO_32_BIT_CONVERSION = YES;
				GCC_WARN_ABOUT_RETURN_TYPE = YES_ERROR;
				GCC_WARN_UNDECLARED_SELECTOR = YES;
				GCC_WARN_UNINITIALIZED_AUTOS = YES_AGGRESSIVE;
				GCC_WARN_UNUSED_FUNCTION = YES;
				GCC_WARN_UNUSED_VARIABLE = YES;
				IPHONEOS_DEPLOYMENT_TARGET = 9.0;
				MTL_ENABLE_DEBUG_INFO = NO;
				SDKROOT = iphoneos;
				TARGETED_DEVICE_FAMILY = "1,2";
				VALIDATE_PRODUCT = YES;
			};
			name = Release;
		};
		CD3AA7521BE1DC54007B87A7 /* Debug */ = {
			isa = XCBuildConfiguration;
			buildSettings = {
				ASSETCATALOG_COMPILER_APPICON_NAME = AppIcon;
				INFOPLIST_FILE = RicochetRobots/Info.plist;
				LD_RUNPATH_SEARCH_PATHS = "$(inherited) @executable_path/Frameworks";
				PRODUCT_BUNDLE_IDENTIFIER = natz.stanford1.RicochetRobots;
				PRODUCT_NAME = "$(TARGET_NAME)";
			};
			name = Debug;
		};
		CD3AA7531BE1DC54007B87A7 /* Release */ = {
			isa = XCBuildConfiguration;
			buildSettings = {
				ASSETCATALOG_COMPILER_APPICON_NAME = AppIcon;
				INFOPLIST_FILE = RicochetRobots/Info.plist;
				LD_RUNPATH_SEARCH_PATHS = "$(inherited) @executable_path/Frameworks";
				PRODUCT_BUNDLE_IDENTIFIER = natz.stanford1.RicochetRobots;
				PRODUCT_NAME = "$(TARGET_NAME)";
			};
			name = Release;
		};
		CD3AA7551BE1DC54007B87A7 /* Debug */ = {
			isa = XCBuildConfiguration;
			buildSettings = {
				BUNDLE_LOADER = "$(TEST_HOST)";
				INFOPLIST_FILE = RicochetRobotsTests/Info.plist;
				LD_RUNPATH_SEARCH_PATHS = "$(inherited) @executable_path/Frameworks @loader_path/Frameworks";
				PRODUCT_BUNDLE_IDENTIFIER = natz.stanford1.RicochetRobotsTests;
				PRODUCT_NAME = "$(TARGET_NAME)";
				TEST_HOST = "$(BUILT_PRODUCTS_DIR)/RicochetRobots.app/RicochetRobots";
			};
			name = Debug;
		};
		CD3AA7561BE1DC54007B87A7 /* Release */ = {
			isa = XCBuildConfiguration;
			buildSettings = {
				BUNDLE_LOADER = "$(TEST_HOST)";
				INFOPLIST_FILE = RicochetRobotsTests/Info.plist;
				LD_RUNPATH_SEARCH_PATHS = "$(inherited) @executable_path/Frameworks @loader_path/Frameworks";
				PRODUCT_BUNDLE_IDENTIFIER = natz.stanford1.RicochetRobotsTests;
				PRODUCT_NAME = "$(TARGET_NAME)";
				TEST_HOST = "$(BUILT_PRODUCTS_DIR)/RicochetRobots.app/RicochetRobots";
			};
			name = Release;
		};
		CD3AA7581BE1DC54007B87A7 /* Debug */ = {
			isa = XCBuildConfiguration;
			buildSettings = {
				INFOPLIST_FILE = RicochetRobotsUITests/Info.plist;
				LD_RUNPATH_SEARCH_PATHS = "$(inherited) @executable_path/Frameworks @loader_path/Frameworks";
				PRODUCT_BUNDLE_IDENTIFIER = natz.stanford1.RicochetRobotsUITests;
				PRODUCT_NAME = "$(TARGET_NAME)";
				TEST_TARGET_NAME = RicochetRobots;
				USES_XCTRUNNER = YES;
			};
			name = Debug;
		};
		CD3AA7591BE1DC54007B87A7 /* Release */ = {
			isa = XCBuildConfiguration;
			buildSettings = {
				INFOPLIST_FILE = RicochetRobotsUITests/Info.plist;
				LD_RUNPATH_SEARCH_PATHS = "$(inherited) @executable_path/Frameworks @loader_path/Frameworks";
				PRODUCT_BUNDLE_IDENTIFIER = natz.stanford1.RicochetRobotsUITests;
				PRODUCT_NAME = "$(TARGET_NAME)";
				TEST_TARGET_NAME = RicochetRobots;
				USES_XCTRUNNER = YES;
			};
			name = Release;
		};
/* End XCBuildConfiguration section */

/* Begin XCConfigurationList section */
		CD3AA7241BE1DC54007B87A7 /* Build configuration list for PBXProject "RicochetRobots" */ = {
			isa = XCConfigurationList;
			buildConfigurations = (
				CD3AA74F1BE1DC54007B87A7 /* Debug */,
				CD3AA7501BE1DC54007B87A7 /* Release */,
			);
			defaultConfigurationIsVisible = 0;
			defaultConfigurationName = Release;
		};
		CD3AA7511BE1DC54007B87A7 /* Build configuration list for PBXNativeTarget "RicochetRobots" */ = {
			isa = XCConfigurationList;
			buildConfigurations = (
				CD3AA7521BE1DC54007B87A7 /* Debug */,
				CD3AA7531BE1DC54007B87A7 /* Release */,
			);
			defaultConfigurationIsVisible = 0;
			defaultConfigurationName = Release;
		};
		CD3AA7541BE1DC54007B87A7 /* Build configuration list for PBXNativeTarget "RicochetRobotsTests" */ = {
			isa = XCConfigurationList;
			buildConfigurations = (
				CD3AA7551BE1DC54007B87A7 /* Debug */,
				CD3AA7561BE1DC54007B87A7 /* Release */,
			);
			defaultConfigurationIsVisible = 0;
			defaultConfigurationName = Release;
		};
		CD3AA7571BE1DC54007B87A7 /* Build configuration list for PBXNativeTarget "RicochetRobotsUITests" */ = {
			isa = XCConfigurationList;
			buildConfigurations = (
				CD3AA7581BE1DC54007B87A7 /* Debug */,
				CD3AA7591BE1DC54007B87A7 /* Release */,
			);
			defaultConfigurationIsVisible = 0;
			defaultConfigurationName = Release;
		};
/* End XCConfigurationList section */
	};
	rootObject = CD3AA7211BE1DC54007B87A7 /* Project object */;
}
